
Microsoft Visual Studio Solution File, Format Version 12.00
Project("{FAE04EC0-301F-11D3-BF4B-00C04F79EFBC}") = "Gis.Net", "Gis.Net\Gis.Net.csproj", "{2F272E49-997E-42C1-A43E-D84ADFD632DF}"
EndProject
Global
	GlobalSection(SolutionConfigurationPlatforms) = preSolution
		Debug|Any CPU = Debug|Any CPU
		Release|Any CPU = Release|Any CPU
	EndGlobalSection
	GlobalSection(ProjectConfigurationPlatforms) = postSolution
		{2F272E49-997E-42C1-A43E-D84ADFD632DF}.Debug|Any CPU.ActiveCfg = Debug|Any CPU
		{2F272E49-997E-42C1-A43E-D84ADFD632DF}.Debug|Any CPU.Build.0 = Debug|Any CPU
		{2F272E49-997E-42C1-A43E-D84ADFD632DF}.Release|Any CPU.ActiveCfg = Release|Any CPU
		{2F272E49-997E-42C1-A43E-D84ADFD632DF}.Release|Any CPU.Build.0 = Release|Any CPU
	EndGlobalSection
EndGlobal
